
Microsoft Visual Studio Solution File, Format Version 12.00
# Visual Studio 2012
Project("{FAE04EC0-301F-11D3-BF4B-00C04F79EFBC}") = "Helsedagbok", "Helsedagbok.csproj", "{40AD03F6-C41A-48C5-BB7D-6D3EA7F8F50A}"
EndProject
Global
	GlobalSection(SolutionConfigurationPlatforms) = preSolution
		Debug|Any CPU = Debug|Any CPU
		Release|Any CPU = Release|Any CPU
	EndGlobalSection
	GlobalSection(ProjectConfigurationPlatforms) = postSolution
		{40AD03F6-C41A-48C5-BB7D-6D3EA7F8F50A}.Debug|Any CPU.ActiveCfg = Debug|Any CPU
		{40AD03F6-C41A-48C5-BB7D-6D3EA7F8F50A}.Debug|Any CPU.Build.0 = Debug|Any CPU
		{40AD03F6-C41A-48C5-BB7D-6D3EA7F8F50A}.Release|Any CPU.ActiveCfg = Release|Any CPU
		{40AD03F6-C41A-48C5-BB7D-6D3EA7F8F50A}.Release|Any CPU.Build.0 = Release|Any CPU
	EndGlobalSection
	GlobalSection(SolutionProperties) = preSolution
		HideSolutionNode = FALSE
	EndGlobalSection
EndGlobal
